
Microsoft Visual Studio Solution File, Format Version 12.00
# Visual Studio 14
VisualStudioVersion = 14.0.24720.0
MinimumVisualStudioVersion = 10.0.40219.1
Project("{FAE04EC0-301F-11D3-BF4B-00C04F79EFBC}") = "AmortizacaoTeste", "AmortizacaoTeste\AmortizacaoTeste.csproj", "{7E6B0A00-F110-41A4-BDD4-A81C76592708}"
EndProject
Project("{FAE04EC0-301F-11D3-BF4B-00C04F79EFBC}") = "Amortizacao-ASP", "Amortizacao-ASP\Amortizacao-ASP.csproj", "{ED79D0A7-B3F0-485B-9F18-893631031363}"
EndProject
Global
	GlobalSection(SolutionConfigurationPlatforms) = preSolution
		Debug|Any CPU = Debug|Any CPU
		Release|Any CPU = Release|Any CPU
	EndGlobalSection
	GlobalSection(ProjectConfigurationPlatforms) = postSolution
		{7E6B0A00-F110-41A4-BDD4-A81C76592708}.Debug|Any CPU.ActiveCfg = Debug|Any CPU
		{7E6B0A00-F110-41A4-BDD4-A81C76592708}.Debug|Any CPU.Build.0 = Debug|Any CPU
		{7E6B0A00-F110-41A4-BDD4-A81C76592708}.Release|Any CPU.ActiveCfg = Release|Any CPU
		{7E6B0A00-F110-41A4-BDD4-A81C76592708}.Release|Any CPU.Build.0 = Release|Any CPU
		{ED79D0A7-B3F0-485B-9F18-893631031363}.Debug|Any CPU.ActiveCfg = Debug|Any CPU
		{ED79D0A7-B3F0-485B-9F18-893631031363}.Debug|Any CPU.Build.0 = Debug|Any CPU
		{ED79D0A7-B3F0-485B-9F18-893631031363}.Release|Any CPU.ActiveCfg = Release|Any CPU
		{ED79D0A7-B3F0-485B-9F18-893631031363}.Release|Any CPU.Build.0 = Release|Any CPU
	EndGlobalSection
	GlobalSection(SolutionProperties) = preSolution
		HideSolutionNode = FALSE
	EndGlobalSection
EndGlobal
